// !$*UTF8*$!
{
	archiveVersion = 1;
	classes = {
	};
	objectVersion = 50;
	objects = {

/* Begin PBXBuildFile section */
		13A172F920D0BF8500ED4039 /* AppDelegate.m in Sources */ = {isa = PBXBuildFile; fileRef = 13A172F820D0BF8500ED4039 /* AppDelegate.m */; };
		13A172FC20D0BF8500ED4039 /* ViewController.m in Sources */ = {isa = PBXBuildFile; fileRef = 13A172FB20D0BF8500ED4039 /* ViewController.m */; };
		13A172FF20D0BF8500ED4039 /* Main.storyboard in Resources */ = {isa = PBXBuildFile; fileRef = 13A172FD20D0BF8500ED4039 /* Main.storyboard */; };
		13A1730120D0BF8600ED4039 /* Assets.xcassets in Resources */ = {isa = PBXBuildFile; fileRef = 13A1730020D0BF8600ED4039 /* Assets.xcassets */; };
		13A1730420D0BF8600ED4039 /* LaunchScreen.storyboard in Resources */ = {isa = PBXBuildFile; fileRef = 13A1730220D0BF8600ED4039 /* LaunchScreen.storyboard */; };
		13A1730720D0BF8600ED4039 /* main.m in Sources */ = {isa = PBXBuildFile; fileRef = 13A1730620D0BF8600ED4039 /* main.m */; };
		13A1731120D0BF8700ED4039 /* XTSceneViewTests.m in Sources */ = {isa = PBXBuildFile; fileRef = 13A1731020D0BF8700ED4039 /* XTSceneViewTests.m */; };
		13A1731C20D0BF8700ED4039 /* XTSceneViewUITests.m in Sources */ = {isa = PBXBuildFile; fileRef = 13A1731B20D0BF8700ED4039 /* XTSceneViewUITests.m */; };
		13A1732C20D0BFDD00ED4039 /* XTSceneView.m in Sources */ = {isa = PBXBuildFile; fileRef = 13A1732B20D0BFDD00ED4039 /* XTSceneView.m */; };
		13A1732E20D0C00300ED4039 /* art.scnassets in Resources */ = {isa = PBXBuildFile; fileRef = 13A1732D20D0C00300ED4039 /* art.scnassets */; };
		13A1733120D0C2FC00ED4039 /* SceneKit.framework in Frameworks */ = {isa = PBXBuildFile; fileRef = 13A1733020D0C2FC00ED4039 /* SceneKit.framework */; };
/* End PBXBuildFile section */

/* Begin PBXContainerItemProxy section */
		13A1730D20D0BF8700ED4039 /* PBXContainerItemProxy */ = {
			isa = PBXContainerItemProxy;
			containerPortal = 13A172EC20D0BF8500ED4039 /* Project object */;
			proxyType = 1;
			remoteGlobalIDString = 13A172F320D0BF8500ED4039;
			remoteInfo = XTSceneView;
		};
		13A1731820D0BF8700ED4039 /* PBXContainerItemProxy */ = {
			isa = PBXContainerItemProxy;
			containerPortal = 13A172EC20D0BF8500ED4039 /* Project object */;
			proxyType = 1;
			remoteGlobalIDString = 13A172F320D0BF8500ED4039;
			remoteInfo = XTSceneView;
		};
/* End PBXContainerItemProxy section */

/* Begin PBXFileReference section */
		13A172F420D0BF8500ED4039 /* XTSceneView.app */ = {isa = PBXFileReference; explicitFileType = wrapper.application; includeInIndex = 0; path = XTSceneView.app; sourceTree = BUILT_PRODUCTS_DIR; };
		13A172F720D0BF8500ED4039 /* AppDelegate.h */ = {isa = PBXFileReference; lastKnownFileType = sourcecode.c.h; path = AppDelegate.h; sourceTree = "<group>"; };
		13A172F820D0BF8500ED4039 /* AppDelegate.m */ = {isa = PBXFileReference; lastKnownFileType = sourcecode.c.objc; path = AppDelegate.m; sourceTree = "<group>"; };
		13A172FA20D0BF8500ED4039 /* ViewController.h */ = {isa = PBXFileReference; lastKnownFileType = sourcecode.c.h; path = ViewController.h; sourceTree = "<group>"; };
		13A172FB20D0BF8500ED4039 /* ViewController.m */ = {isa = PBXFileReference; lastKnownFileType = sourcecode.c.objc; path = ViewController.m; sourceTree = "<group>"; };
		13A172FE20D0BF8500ED4039 /* Base */ = {isa = PBXFileReference; lastKnownFileType = file.storyboard; name = Base; path = Base.lproj/Main.storyboard; sourceTree = "<group>"; };
		13A1730020D0BF8600ED4039 /* Assets.xcassets */ = {isa = PBXFileReference; lastKnownFileType = folder.assetcatalog; path = Assets.xcassets; sourceTree = "<group>"; };
		13A1730320D0BF8600ED4039 /* Base */ = {isa = PBXFileReference; lastKnownFileType = file.storyboard; name = Base; path = Base.lproj/LaunchScreen.storyboard; sourceTree = "<group>"; };
		13A1730520D0BF8600ED4039 /* Info.plist */ = {isa = PBXFileReference; lastKnownFileType = text.plist.xml; path = Info.plist; sourceTree = "<group>"; };
		13A1730620D0BF8600ED4039 /* main.m */ = {isa = PBXFileReference; lastKnownFileType = sourcecode.c.objc; path = main.m; sourceTree = "<group>"; };
		13A1730C20D0BF8700ED4039 /* XTSceneViewTests.xctest */ = {isa = PBXFileReference; explicitFileType = wrapper.cfbundle; includeInIndex = 0; path = XTSceneViewTests.xctest; sourceTree = BUILT_PRODUCTS_DIR; };
		13A1731020D0BF8700ED4039 /* XTSceneViewTests.m */ = {isa = PBXFileReference; lastKnownFileType = sourcecode.c.objc; path = XTSceneViewTests.m; sourceTree = "<group>"; };
		13A1731220D0BF8700ED4039 /* Info.plist */ = {isa = PBXFileReference; lastKnownFileType = text.plist.xml; path = Info.plist; sourceTree = "<group>"; };
		13A1731720D0BF8700ED4039 /* XTSceneViewUITests.xctest */ = {isa = PBXFileReference; explicitFileType = wrapper.cfbundle; includeInIndex = 0; path = XTSceneViewUITests.xctest; sourceTree = BUILT_PRODUCTS_DIR; };
		13A1731B20D0BF8700ED4039 /* XTSceneViewUITests.m */ = {isa = PBXFileReference; lastKnownFileType = sourcecode.c.objc; path = XTSceneViewUITests.m; sourceTree = "<group>"; };
		13A1731D20D0BF8700ED4039 /* Info.plist */ = {isa = PBXFileReference; lastKnownFileType = text.plist.xml; path = Info.plist; sourceTree = "<group>"; };
		13A1732A20D0BFDD00ED4039 /* XTSceneView.h */ = {isa = PBXFileReference; lastKnownFileType = sourcecode.c.h; path = XTSceneView.h; sourceTree = "<group>"; };
		13A1732B20D0BFDD00ED4039 /* XTSceneView.m */ = {isa = PBXFileReference; lastKnownFileType = sourcecode.c.objc; path = XTSceneView.m; sourceTree = "<group>"; };
		13A1732D20D0C00300ED4039 /* art.scnassets */ = {isa = PBXFileReference; lastKnownFileType = wrapper.scnassets; path = art.scnassets; sourceTree = "<group>"; };
		13A1733020D0C2FC00ED4039 /* SceneKit.framework */ = {isa = PBXFileReference; lastKnownFileType = wrapper.framework; name = SceneKit.framework; path = System/Library/Frameworks/SceneKit.framework; sourceTree = SDKROOT; };
/* End PBXFileReference section */

/* Begin PBXFrameworksBuildPhase section */
		13A172F120D0BF8500ED4039 /* Frameworks */ = {
			isa = PBXFrameworksBuildPhase;
			buildActionMask = 2147483647;
			files = (
				13A1733120D0C2FC00ED4039 /* SceneKit.framework in Frameworks */,
			);
			runOnlyForDeploymentPostprocessing = 0;
		};
		13A1730920D0BF8700ED4039 /* Frameworks */ = {
			isa = PBXFrameworksBuildPhase;
			buildActionMask = 2147483647;
			files = (
			);
			runOnlyForDeploymentPostprocessing = 0;
		};
		13A1731420D0BF8700ED4039 /* Frameworks */ = {
			isa = PBXFrameworksBuildPhase;
			buildActionMask = 2147483647;
			files = (
			);
			runOnlyForDeploymentPostprocessing = 0;
		};
/* End PBXFrameworksBuildPhase section */

/* Begin PBXGroup section */
		13A172EB20D0BF8500ED4039 = {
			isa = PBXGroup;
			children = (
				13A172F620D0BF8500ED4039 /* XTSceneView */,
				13A1730F20D0BF8700ED4039 /* XTSceneViewTests */,
				13A1731A20D0BF8700ED4039 /* XTSceneViewUITests */,
				13A172F520D0BF8500ED4039 /* Products */,
				13A1732F20D0C2FC00ED4039 /* Frameworks */,
			);
			sourceTree = "<group>";
		};
		13A172F520D0BF8500ED4039 /* Products */ = {
			isa = PBXGroup;
			children = (
				13A172F420D0BF8500ED4039 /* XTSceneView.app */,
				13A1730C20D0BF8700ED4039 /* XTSceneViewTests.xctest */,
				13A1731720D0BF8700ED4039 /* XTSceneViewUITests.xctest */,
			);
			name = Products;
			sourceTree = "<group>";
		};
		13A172F620D0BF8500ED4039 /* XTSceneView */ = {
			isa = PBXGroup;
			children = (
				13A1732920D0BFBC00ED4039 /* XTScene */,
				13A172F720D0BF8500ED4039 /* AppDelegate.h */,
				13A172F820D0BF8500ED4039 /* AppDelegate.m */,
				13A172FA20D0BF8500ED4039 /* ViewController.h */,
				13A172FB20D0BF8500ED4039 /* ViewController.m */,
				13A172FD20D0BF8500ED4039 /* Main.storyboard */,
				13A1730020D0BF8600ED4039 /* Assets.xcassets */,
				13A1730220D0BF8600ED4039 /* LaunchScreen.storyboard */,
				13A1730520D0BF8600ED4039 /* Info.plist */,
				13A1730620D0BF8600ED4039 /* main.m */,
			);
			path = XTSceneView;
			sourceTree = "<group>";
		};
		13A1730F20D0BF8700ED4039 /* XTSceneViewTests */ = {
			isa = PBXGroup;
			children = (
				13A1731020D0BF8700ED4039 /* XTSceneViewTests.m */,
				13A1731220D0BF8700ED4039 /* Info.plist */,
			);
			path = XTSceneViewTests;
			sourceTree = "<group>";
		};
		13A1731A20D0BF8700ED4039 /* XTSceneViewUITests */ = {
			isa = PBXGroup;
			children = (
				13A1731B20D0BF8700ED4039 /* XTSceneViewUITests.m */,
				13A1731D20D0BF8700ED4039 /* Info.plist */,
			);
			path = XTSceneViewUITests;
			sourceTree = "<group>";
		};
		13A1732920D0BFBC00ED4039 /* XTScene */ = {
			isa = PBXGroup;
			children = (
				13A1732D20D0C00300ED4039 /* art.scnassets */,
				13A1732A20D0BFDD00ED4039 /* XTSceneView.h */,
				13A1732B20D0BFDD00ED4039 /* XTSceneView.m */,
			);
			path = XTScene;
			sourceTree = "<group>";
		};
		13A1732F20D0C2FC00ED4039 /* Frameworks */ = {
			isa = PBXGroup;
			children = (
				13A1733020D0C2FC00ED4039 /* SceneKit.framework */,
			);
			name = Frameworks;
			sourceTree = "<group>";
		};
/* End PBXGroup section */

/* Begin PBXNativeTarget section */
		13A172F320D0BF8500ED4039 /* XTSceneView */ = {
			isa = PBXNativeTarget;
			buildConfigurationList = 13A1732020D0BF8700ED4039 /* Build configuration list for PBXNativeTarget "XTSceneView" */;
			buildPhases = (
				13A172F020D0BF8500ED4039 /* Sources */,
				13A172F120D0BF8500ED4039 /* Frameworks */,
				13A172F220D0BF8500ED4039 /* Resources */,
			);
			buildRules = (
			);
			dependencies = (
			);
			name = XTSceneView;
			productName = XTSceneView;
			productReference = 13A172F420D0BF8500ED4039 /* XTSceneView.app */;
			productType = "com.apple.product-type.application";
		};
		13A1730B20D0BF8700ED4039 /* XTSceneViewTests */ = {
			isa = PBXNativeTarget;
			buildConfigurationList = 13A1732320D0BF8700ED4039 /* Build configuration list for PBXNativeTarget "XTSceneViewTests" */;
			buildPhases = (
				13A1730820D0BF8700ED4039 /* Sources */,
				13A1730920D0BF8700ED4039 /* Frameworks */,
				13A1730A20D0BF8700ED4039 /* Resources */,
			);
			buildRules = (
			);
			dependencies = (
				13A1730E20D0BF8700ED4039 /* PBXTargetDependency */,
			);
			name = XTSceneViewTests;
			productName = XTSceneViewTests;
			productReference = 13A1730C20D0BF8700ED4039 /* XTSceneViewTests.xctest */;
			productType = "com.apple.product-type.bundle.unit-test";
		};
		13A1731620D0BF8700ED4039 /* XTSceneViewUITests */ = {
			isa = PBXNativeTarget;
			buildConfigurationList = 13A1732620D0BF8700ED4039 /* Build configuration list for PBXNativeTarget "XTSceneViewUITests" */;
			buildPhases = (
				13A1731320D0BF8700ED4039 /* Sources */,
				13A1731420D0BF8700ED4039 /* Frameworks */,
				13A1731520D0BF8700ED4039 /* Resources */,
			);
			buildRules = (
			);
			dependencies = (
				13A1731920D0BF8700ED4039 /* PBXTargetDependency */,
			);
			name = XTSceneViewUITests;
			productName = XTSceneViewUITests;
			productReference = 13A1731720D0BF8700ED4039 /* XTSceneViewUITests.xctest */;
			productType = "com.apple.product-type.bundle.ui-testing";
		};
/* End PBXNativeTarget section */

/* Begin PBXProject section */
		13A172EC20D0BF8500ED4039 /* Project object */ = {
			isa = PBXProject;
			attributes = {
				LastUpgradeCheck = 0940;
				ORGANIZATIONNAME = XT;
				TargetAttributes = {
					13A172F320D0BF8500ED4039 = {
						CreatedOnToolsVersion = 9.4;
					};
					13A1730B20D0BF8700ED4039 = {
						CreatedOnToolsVersion = 9.4;
						TestTargetID = 13A172F320D0BF8500ED4039;
					};
					13A1731620D0BF8700ED4039 = {
						CreatedOnToolsVersion = 9.4;
						TestTargetID = 13A172F320D0BF8500ED4039;
					};
				};
			};
			buildConfigurationList = 13A172EF20D0BF8500ED4039 /* Build configuration list for PBXProject "XTSceneView" */;
			compatibilityVersion = "Xcode 9.3";
			developmentRegion = en;
			hasScannedForEncodings = 0;
			knownRegions = (
				en,
				Base,
			);
			mainGroup = 13A172EB20D0BF8500ED4039;
			productRefGroup = 13A172F520D0BF8500ED4039 /* Products */;
			projectDirPath = "";
			projectRoot = "";
			targets = (
				13A172F320D0BF8500ED4039 /* XTSceneView */,
				13A1730B20D0BF8700ED4039 /* XTSceneViewTests */,
				13A1731620D0BF8700ED4039 /* XTSceneViewUITests */,
			);
		};
/* End PBXProject section */

/* Begin PBXResourcesBuildPhase section */
		13A172F220D0BF8500ED4039 /* Resources */ = {
			isa = PBXResourcesBuildPhase;
			buildActionMask = 2147483647;
			files = (
				13A1730420D0BF8600ED4039 /* LaunchScreen.storyboard in Resources */,
				13A1732E20D0C00300ED4039 /* art.scnassets in Resources */,
				13A1730120D0BF8600ED4039 /* Assets.xcassets in Resources */,
				13A172FF20D0BF8500ED4039 /* Main.storyboard in Resources */,
			);
			runOnlyForDeploymentPostprocessing = 0;
		};
		13A1730A20D0BF8700ED4039 /* Resources */ = {
			isa = PBXResourcesBuildPhase;
			buildActionMask = 2147483647;
			files = (
			);
			runOnlyForDeploymentPostprocessing = 0;
		};
		13A1731520D0BF8700ED4039 /* Resources */ = {
			isa = PBXResourcesBuildPhase;
			buildActionMask = 2147483647;
			files = (
			);
			runOnlyForDeploymentPostprocessing = 0;
		};
/* End PBXResourcesBuildPhase section */

/* Begin PBXSourcesBuildPhase section */
		13A172F020D0BF8500ED4039 /* Sources */ = {
			isa = PBXSourcesBuildPhase;
			buildActionMask = 2147483647;
			files = (
				13A172FC20D0BF8500ED4039 /* ViewController.m in Sources */,
				13A1732C20D0BFDD00ED4039 /* XTSceneView.m in Sources */,
				13A1730720D0BF8600ED4039 /* main.m in Sources */,
				13A172F920D0BF8500ED4039 /* AppDelegate.m in Sources */,
			);
			runOnlyForDeploymentPostprocessing = 0;
		};
		13A1730820D0BF8700ED4039 /* Sources */ = {
			isa = PBXSourcesBuildPhase;
			buildActionMask = 2147483647;
			files = (
				13A1731120D0BF8700ED4039 /* XTSceneViewTests.m in Sources */,
			);
			runOnlyForDeploymentPostprocessing = 0;
		};
		13A1731320D0BF8700ED4039 /* Sources */ = {
			isa = PBXSourcesBuildPhase;
			buildActionMask = 2147483647;
			files = (
				13A1731C20D0BF8700ED4039 /* XTSceneViewUITests.m in Sources */,
			);
			runOnlyForDeploymentPostprocessing = 0;
		};
/* End PBXSourcesBuildPhase section */

/* Begin PBXTargetDependency section */
		13A1730E20D0BF8700ED4039 /* PBXTargetDependency */ = {
			isa = PBXTargetDependency;
			target = 13A172F320D0BF8500ED4039 /* XTSceneView */;
			targetProxy = 13A1730D20D0BF8700ED4039 /* PBXContainerItemProxy */;
		};
		13A1731920D0BF8700ED4039 /* PBXTargetDependency */ = {
			isa = PBXTargetDependency;
			target = 13A172F320D0BF8500ED4039 /* XTSceneView */;
			targetProxy = 13A1731820D0BF8700ED4039 /* PBXContainerItemProxy */;
		};
/* End PBXTargetDependency section */

/* Begin PBXVariantGroup section */
		13A172FD20D0BF8500ED4039 /* Main.storyboard */ = {
			isa = PBXVariantGroup;
			children = (
				13A172FE20D0BF8500ED4039 /* Base */,
			);
			name = Main.storyboard;
			sourceTree = "<group>";
		};
		13A1730220D0BF8600ED4039 /* LaunchScreen.storyboard */ = {
			isa = PBXVariantGroup;
			children = (
				13A1730320D0BF8600ED4039 /* Base */,
			);
			name = LaunchScreen.storyboard;
			sourceTree = "<group>";
		};
/* End PBXVariantGroup section */

/* Begin XCBuildConfiguration section */
		13A1731E20D0BF8700ED4039 /* Debug */ = {
			isa = XCBuildConfiguration;
			buildSettings = {
				ALWAYS_SEARCH_USER_PATHS = NO;
				CLANG_ANALYZER_NONNULL = YES;
				CLANG_ANALYZER_NUMBER_OBJECT_CONVERSION = YES_AGGRESSIVE;
				CLANG_CXX_LANGUAGE_STANDARD = "gnu++14";
				CLANG_CXX_LIBRARY = "libc++";
				CLANG_ENABLE_MODULES = YES;
				CLANG_ENABLE_OBJC_ARC = YES;
				CLANG_ENABLE_OBJC_WEAK = YES;
				CLANG_WARN_BLOCK_CAPTURE_AUTORELEASING = YES;
				CLANG_WARN_BOOL_CONVERSION = YES;
				CLANG_WARN_COMMA = YES;
				CLANG_WARN_CONSTANT_CONVERSION = YES;
				CLANG_WARN_DEPRECATED_OBJC_IMPLEMENTATIONS = YES;
				CLANG_WARN_DIRECT_OBJC_ISA_USAGE = YES_ERROR;
				CLANG_WARN_DOCUMENTATION_COMMENTS = YES;
				CLANG_WARN_EMPTY_BODY = YES;
				CLANG_WARN_ENUM_CONVERSION = YES;
				CLANG_WARN_INFINITE_RECURSION = YES;
				CLANG_WARN_INT_CONVERSION = YES;
				CLANG_WARN_NON_LITERAL_NULL_CONVERSION = YES;
				CLANG_WARN_OBJC_IMPLICIT_RETAIN_SELF = YES;
				CLANG_WARN_OBJC_LITERAL_CONVERSION = YES;
				CLANG_WARN_OBJC_ROOT_CLASS = YES_ERROR;
				CLANG_WARN_RANGE_LOOP_ANALYSIS = YES;
				CLANG_WARN_STRICT_PROTOTYPES = YES;
				CLANG_WARN_SUSPICIOUS_MOVE = YES;
				CLANG_WARN_UNGUARDED_AVAILABILITY = YES_AGGRESSIVE;
				CLANG_WARN_UNREACHABLE_CODE = YES;
				CLANG_WARN__DUPLICATE_METHOD_MATCH = YES;
				CODE_SIGN_IDENTITY = "iPhone Developer";
				COPY_PHASE_STRIP = NO;
				DEBUG_INFORMATION_FORMAT = dwarf;
				ENABLE_STRICT_OBJC_MSGSEND = YES;
				ENABLE_TESTABILITY = YES;
				GCC_C_LANGUAGE_STANDARD = gnu11;
				GCC_DYNAMIC_NO_PIC = NO;
				GCC_NO_COMMON_BLOCKS = YES;
				GCC_OPTIMIZATION_LEVEL = 0;
				GCC_PREPROCESSOR_DEFINITIONS = (
					"DEBUG=1",
					"$(inherited)",
				);
				GCC_WARN_64_TO_32_BIT_CONVERSION = YES;
				GCC_WARN_ABOUT_RETURN_TYPE = YES_ERROR;
				GCC_WARN_UNDECLARED_SELECTOR = YES;
				GCC_WARN_UNINITIALIZED_AUTOS = YES_AGGRESSIVE;
				GCC_WARN_UNUSED_FUNCTION = YES;
				GCC_WARN_UNUSED_VARIABLE = YES;
				IPHONEOS_DEPLOYMENT_TARGET = 11.4;
				MTL_ENABLE_DEBUG_INFO = YES;
				ONLY_ACTIVE_ARCH = YES;
				SDKROOT = iphoneos;
			};
			name = Debug;
		};
		13A1731F20D0BF8700ED4039 /* Release */ = {
			isa = XCBuildConfiguration;
			buildSettings = {
				ALWAYS_SEARCH_USER_PATHS = NO;
				CLANG_ANALYZER_NONNULL = YES;
				CLANG_ANALYZER_NUMBER_OBJECT_CONVERSION = YES_AGGRESSIVE;
				CLANG_CXX_LANGUAGE_STANDARD = "gnu++14";
				CLANG_CXX_LIBRARY = "libc++";
				CLANG_ENABLE_MODULES = YES;
				CLANG_ENABLE_OBJC_ARC = YES;
				CLANG_ENABLE_OBJC_WEAK = YES;
				CLANG_WARN_BLOCK_CAPTURE_AUTORELEASING = YES;
				CLANG_WARN_BOOL_CONVERSION = YES;
				CLANG_WARN_COMMA = YES;
				CLANG_WARN_CONSTANT_CONVERSION = YES;
				CLANG_WARN_DEPRECATED_OBJC_IMPLEMENTATIONS = YES;
				CLANG_WARN_DIRECT_OBJC_ISA_USAGE = YES_ERROR;
				CLANG_WARN_DOCUMENTATION_COMMENTS = YES;
				CLANG_WARN_EMPTY_BODY = YES;
				CLANG_WARN_ENUM_CONVERSION = YES;
				CLANG_WARN_INFINITE_RECURSION = YES;
				CLANG_WARN_INT_CONVERSION = YES;
				CLANG_WARN_NON_LITERAL_NULL_CONVERSION = YES;
				CLANG_WARN_OBJC_IMPLICIT_RETAIN_SELF = YES;
				CLANG_WARN_OBJC_LITERAL_CONVERSION = YES;
				CLANG_WARN_OBJC_ROOT_CLASS = YES_ERROR;
				CLANG_WARN_RANGE_LOOP_ANALYSIS = YES;
				CLANG_WARN_STRICT_PROTOTYPES = YES;
				CLANG_WARN_SUSPICIOUS_MOVE = YES;
				CLANG_WARN_UNGUARDED_AVAILABILITY = YES_AGGRESSIVE;
				CLANG_WARN_UNREACHABLE_CODE = YES;
				CLANG_WARN__DUPLICATE_METHOD_MATCH = YES;
				CODE_SIGN_IDENTITY = "iPhone Developer";
				COPY_PHASE_STRIP = NO;
				DEBUG_INFORMATION_FORMAT = "dwarf-with-dsym";
				ENABLE_NS_ASSERTIONS = NO;
				ENABLE_STRICT_OBJC_MSGSEND = YES;
				GCC_C_LANGUAGE_STANDARD = gnu11;
				GCC_NO_COMMON_BLOCKS = YES;
				GCC_WARN_64_TO_32_BIT_CONVERSION = YES;
				GCC_WARN_ABOUT_RETURN_TYPE = YES_ERROR;
				GCC_WARN_UNDECLARED_SELECTOR = YES;
				GCC_WARN_UNINITIALIZED_AUTOS = YES_AGGRESSIVE;
				GCC_WARN_UNUSED_FUNCTION = YES;
				GCC_WARN_UNUSED_VARIABLE = YES;
				IPHONEOS_DEPLOYMENT_TARGET = 11.4;
				MTL_ENABLE_DEBUG_INFO = NO;
				SDKROOT = iphoneos;
				VALIDATE_PRODUCT = YES;
			};
			name = Release;
		};
		13A1732120D0BF8700ED4039 /* Debug */ = {
			isa = XCBuildConfiguration;
			buildSettings = {
				ASSETCATALOG_COMPILER_APPICON_NAME = AppIcon;
				CODE_SIGN_STYLE = Automatic;
				DEVELOPMENT_TEAM = PMMD8U2424;
				INFOPLIST_FILE = XTSceneView/Info.plist;
				LD_RUNPATH_SEARCH_PATHS = (
					"$(inherited)",
					"@executable_path/Frameworks",
				);
				PRODUCT_BUNDLE_IDENTIFIER = com.scene.XTSceneView;
				PRODUCT_NAME = "$(TARGET_NAME)";
				TARGETED_DEVICE_FAMILY = "1,2";
			};
			name = Debug;
		};
		13A1732220D0BF8700ED4039 /* Release */ = {
			isa = XCBuildConfiguration;
			buildSettings = {
				ASSETCATALOG_COMPILER_APPICON_NAME = AppIcon;
				CODE_SIGN_STYLE = Automatic;
				DEVELOPMENT_TEAM = PMMD8U2424;
				INFOPLIST_FILE = XTSceneView/Info.plist;
				LD_RUNPATH_SEARCH_PATHS = (
					"$(inherited)",
					"@executable_path/Frameworks",
				);
				PRODUCT_BUNDLE_IDENTIFIER = com.scene.XTSceneView;
				PRODUCT_NAME = "$(TARGET_NAME)";
				TARGETED_DEVICE_FAMILY = "1,2";
			};
			name = Release;
		};
		13A1732420D0BF8700ED4039 /* Debug */ = {
			isa = XCBuildConfiguration;
			buildSettings = {
				BUNDLE_LOADER = "$(TEST_HOST)";
				CODE_SIGN_STYLE = Automatic;
				DEVELOPMENT_TEAM = PMMD8U2424;
				INFOPLIST_FILE = XTSceneViewTests/Info.plist;
				LD_RUNPATH_SEARCH_PATHS = (
					"$(inherited)",
					"@executable_path/Frameworks",
					"@loader_path/Frameworks",
				);
				PRODUCT_BUNDLE_IDENTIFIER = com.scene.XTSceneViewTests;
				PRODUCT_NAME = "$(TARGET_NAME)";
				TARGETED_DEVICE_FAMILY = "1,2";
				TEST_HOST = "$(BUILT_PRODUCTS_DIR)/XTSceneView.app/XTSceneView";
			};
			name = Debug;
		};
		13A1732520D0BF8700ED4039 /* Release */ = {
			isa = XCBuildConfiguration;
			buildSettings = {
				BUNDLE_LOADER = "$(TEST_HOST)";
				CODE_SIGN_STYLE = Automatic;
				DEVELOPMENT_TEAM = PMMD8U2424;
				INFOPLIST_FILE = XTSceneViewTests/Info.plist;
				LD_RUNPATH_SEARCH_PATHS = (
					"$(inherited)",
					"@executable_path/Frameworks",
					"@loader_path/Frameworks",
				);
				PRODUCT_BUNDLE_IDENTIFIER = com.scene.XTSceneViewTests;
				PRODUCT_NAME = "$(TARGET_NAME)";
				TARGETED_DEVICE_FAMILY = "1,2";
				TEST_HOST = "$(BUILT_PRODUCTS_DIR)/XTSceneView.app/XTSceneView";
			};
			name = Release;
		};
		13A1732720D0BF8700ED4039 /* Debug */ = {
			isa = XCBuildConfiguration;
			buildSettings = {
				CODE_SIGN_STYLE = Automatic;
				DEVELOPMENT_TEAM = PMMD8U2424;
				INFOPLIST_FILE = XTSceneViewUITests/Info.plist;
				LD_RUNPATH_SEARCH_PATHS = (
					"$(inherited)",
					"@executable_path/Frameworks",
					"@loader_path/Frameworks",
				);
				PRODUCT_BUNDLE_IDENTIFIER = com.scene.XTSceneViewUITests;
				PRODUCT_NAME = "$(TARGET_NAME)";
				TARGETED_DEVICE_FAMILY = "1,2";
				TEST_TARGET_NAME = XTSceneView;
			};
			name = Debug;
		};
		13A1732820D0BF8700ED4039 /* Release */ = {
			isa = XCBuildConfiguration;
			buildSettings = {
				CODE_SIGN_STYLE = Automatic;
				DEVELOPMENT_TEAM = PMMD8U2424;
				INFOPLIST_FILE = XTSceneViewUITests/Info.plist;
				LD_RUNPATH_SEARCH_PATHS = (
					"$(inherited)",
					"@executable_path/Frameworks",
					"@loader_path/Frameworks",
				);
				PRODUCT_BUNDLE_IDENTIFIER = com.scene.XTSceneViewUITests;
				PRODUCT_NAME = "$(TARGET_NAME)";
				TARGETED_DEVICE_FAMILY = "1,2";
				TEST_TARGET_NAME = XTSceneView;
			};
			name = Release;
		};
/* End XCBuildConfiguration section */

/* Begin XCConfigurationList section */
		13A172EF20D0BF8500ED4039 /* Build configuration list for PBXProject "XTSceneView" */ = {
			isa = XCConfigurationList;
			buildConfigurations = (
				13A1731E20D0BF8700ED4039 /* Debug */,
				13A1731F20D0BF8700ED4039 /* Release */,
			);
			defaultConfigurationIsVisible = 0;
			defaultConfigurationName = Release;
		};
		13A1732020D0BF8700ED4039 /* Build configuration list for PBXNativeTarget "XTSceneView" */ = {
			isa = XCConfigurationList;
			buildConfigurations = (
				13A1732120D0BF8700ED4039 /* Debug */,
				13A1732220D0BF8700ED4039 /* Release */,
			);
			defaultConfigurationIsVisible = 0;
			defaultConfigurationName = Release;
		};
		13A1732320D0BF8700ED4039 /* Build configuration list for PBXNativeTarget "XTSceneViewTests" */ = {
			isa = XCConfigurationList;
			buildConfigurations = (
				13A1732420D0BF8700ED4039 /* Debug */,
				13A1732520D0BF8700ED4039 /* Release */,
			);
			defaultConfigurationIsVisible = 0;
			defaultConfigurationName = Release;
		};
		13A1732620D0BF8700ED4039 /* Build configuration list for PBXNativeTarget "XTSceneViewUITests" */ = {
			isa = XCConfigurationList;
			buildConfigurations = (
				13A1732720D0BF8700ED4039 /* Debug */,
				13A1732820D0BF8700ED4039 /* Release */,
			);
			defaultConfigurationIsVisible = 0;
			defaultConfigurationName = Release;
		};
/* End XCConfigurationList section */
	};
	rootObject = 13A172EC20D0BF8500ED4039 /* Project object */;
}
